
Microsoft Visual Studio Solution File, Format Version 12.00
# Visual Studio Version 17
VisualStudioVersion = 17.3.32929.385
MinimumVisualStudioVersion = 10.0.40219.1
Project("{9A19103F-16F7-4668-BE54-9A1E7A4F7556}") = "BlobStorageExampleApi", "BlobStorageExampleApi.csproj", "{9BDD6118-1DD2-4FE8-94B7-846B1AEA7C9C}"
EndProject
Global
	GlobalSection(SolutionConfigurationPlatforms) = preSolution
		Debug|Any CPU = Debug|Any CPU
		Release|Any CPU = Release|Any CPU
	EndGlobalSection
	GlobalSection(ProjectConfigurationPlatforms) = postSolution
		{9BDD6118-1DD2-4FE8-94B7-846B1AEA7C9C}.Debug|Any CPU.ActiveCfg = Debug|Any CPU
		{9BDD6118-1DD2-4FE8-94B7-846B1AEA7C9C}.Debug|Any CPU.Build.0 = Debug|Any CPU
		{9BDD6118-1DD2-4FE8-94B7-846B1AEA7C9C}.Release|Any CPU.ActiveCfg = Release|Any CPU
		{9BDD6118-1DD2-4FE8-94B7-846B1AEA7C9C}.Release|Any CPU.Build.0 = Release|Any CPU
	EndGlobalSection
	GlobalSection(SolutionProperties) = preSolution
		HideSolutionNode = FALSE
	EndGlobalSection
	GlobalSection(ExtensibilityGlobals) = postSolution
		SolutionGuid = {8BA73DD1-E964-4E72-9A4E-75FC64DFEBCE}
	EndGlobalSection
EndGlobal
